
Microsoft Visual Studio Solution File, Format Version 12.00
# Visual Studio 14
VisualStudioVersion = 14.0.25420.1
MinimumVisualStudioVersion = 10.0.40219.1
Project("{FAE04EC0-301F-11D3-BF4B-00C04F79EFBC}") = "Kassa", "First\Kassa.csproj", "{4A3BF5C8-60C6-4377-BDCA-F503FA68E3F3}"
EndProject
Project("{FAE04EC0-301F-11D3-BF4B-00C04F79EFBC}") = "LibEmployees", "LibEmployees\LibEmployees.csproj", "{4CEB2D2E-13EE-4DD0-A960-D7BFD11A8F77}"
EndProject
Project("{FAE04EC0-301F-11D3-BF4B-00C04F79EFBC}") = "ConnectDLL", "Connect\ConnectDLL.csproj", "{08E777CD-F8E3-4638-8CCA-06875A4EC84B}"
EndProject
Project("{FAE04EC0-301F-11D3-BF4B-00C04F79EFBC}") = "UtilDLL", "UtilDLL\UtilDLL.csproj", "{74E01662-9099-4B97-8BF2-4695035F4AF7}"
EndProject
Project("{2150E333-8FDC-42A3-9474-1A3956D46DE8}") = "Solution", "Solution", "{FF376E33-8C6B-423B-BCFF-F254C8E010BC}"
	ProjectSection(SolutionItems) = preProject
		Описание что здесь вопше происходит.fs = Описание что здесь вопше происходит.fs
	EndProjectSection
EndProject
Project("{FAE04EC0-301F-11D3-BF4B-00C04F79EFBC}") = "libCategory", "libCategory\libCategory.csproj", "{C577CEED-F311-404D-8DF9-8B528A29BA20}"
EndProject
Project("{FAE04EC0-301F-11D3-BF4B-00C04F79EFBC}") = "CashLib", "CashLib\CashLib.csproj", "{C99F578E-3323-4E7B-967C-75DCD7DD7307}"
EndProject
Project("{FAE04EC0-301F-11D3-BF4B-00C04F79EFBC}") = "LibEventLog", "LibEventLog\LibEventLog.csproj", "{0014482B-DB75-4E3B-A400-105F1823395C}"
EndProject
Project("{FAE04EC0-301F-11D3-BF4B-00C04F79EFBC}") = "LibReport", "LibReport\LibReport.csproj", "{BDA7639C-FF0C-4648-BD4A-C4655D00F351}"
EndProject
Project("{FAE04EC0-301F-11D3-BF4B-00C04F79EFBC}") = "LibClient", "LibClient\LibClient.csproj", "{7A2917F4-9CEA-4056-BDCC-CF57FBF320D2}"
EndProject
Project("{FAE04EC0-301F-11D3-BF4B-00C04F79EFBC}") = "LibARM_Operator", "LibARM_Operator\LibARM_Operator.csproj", "{1C078B52-AECA-4437-A543-1F55C8515E0A}"
EndProject
Project("{FAE04EC0-301F-11D3-BF4B-00C04F79EFBC}") = "LibTickets", "LibTickets\LibTickets.csproj", "{EF603015-E974-4B72-906E-52191AF18BA9}"
EndProject
Project("{FAE04EC0-301F-11D3-BF4B-00C04F79EFBC}") = "LibARM_Buhgalter", "LibARM_Buhgalter\LibARM_Buhgalter.csproj", "{B7486B12-A390-4CE0-BB17-8EB4F790C137}"
EndProject
Project("{FAE04EC0-301F-11D3-BF4B-00C04F79EFBC}") = "LibSecurity", "LibSecurity\LibSecurity.csproj", "{ADA33664-F6BA-4736-A0C8-4B1D180A8868}"
EndProject
Project("{FAE04EC0-301F-11D3-BF4B-00C04F79EFBC}") = "LibDataFile", "LibDataFile\LibDataFile.csproj", "{CE160D26-D29B-4286-967A-87907DAC6F67}"
EndProject
Project("{2150E333-8FDC-42A3-9474-1A3956D46DE8}") = "Solution Items", "Solution Items", "{0EFB281E-0C6E-439F-B431-F5A230309F54}"
	ProjectSection(SolutionItems) = preProject
		01092016Day.sql = 01092016Day.sql
	EndProjectSection
EndProject
Project("{2150E333-8FDC-42A3-9474-1A3956D46DE8}") = "ARM Solution", "ARM Solution", "{B10E5911-4300-4B7D-B72B-36E5FE7244F1}"
EndProject
Project("{2150E333-8FDC-42A3-9474-1A3956D46DE8}") = "Function Solution", "Function Solution", "{BC0E2F9D-3132-4A61-8D6E-CF6FCD0C6424}"
EndProject
Global
	GlobalSection(SolutionConfigurationPlatforms) = preSolution
		Debug|Any CPU = Debug|Any CPU
		Debug|x64 = Debug|x64
		Debug|x86 = Debug|x86
		Release|Any CPU = Release|Any CPU
		Release|x64 = Release|x64
		Release|x86 = Release|x86
	EndGlobalSection
	GlobalSection(ProjectConfigurationPlatforms) = postSolution
		{4A3BF5C8-60C6-4377-BDCA-F503FA68E3F3}.Debug|Any CPU.ActiveCfg = Debug|x86
		{4A3BF5C8-60C6-4377-BDCA-F503FA68E3F3}.Debug|x64.ActiveCfg = Debug|x64
		{4A3BF5C8-60C6-4377-BDCA-F503FA68E3F3}.Debug|x64.Build.0 = Debug|x64
		{4A3BF5C8-60C6-4377-BDCA-F503FA68E3F3}.Debug|x86.ActiveCfg = Debug|x86
		{4A3BF5C8-60C6-4377-BDCA-F503FA68E3F3}.Debug|x86.Build.0 = Debug|x86
		{4A3BF5C8-60C6-4377-BDCA-F503FA68E3F3}.Release|Any CPU.ActiveCfg = Release|x86
		{4A3BF5C8-60C6-4377-BDCA-F503FA68E3F3}.Release|x64.ActiveCfg = Release|x64
		{4A3BF5C8-60C6-4377-BDCA-F503FA68E3F3}.Release|x64.Build.0 = Release|x64
		{4A3BF5C8-60C6-4377-BDCA-F503FA68E3F3}.Release|x86.ActiveCfg = Release|x86
		{4A3BF5C8-60C6-4377-BDCA-F503FA68E3F3}.Release|x86.Build.0 = Release|x86
		{4CEB2D2E-13EE-4DD0-A960-D7BFD11A8F77}.Debug|Any CPU.ActiveCfg = Debug|Any CPU
		{4CEB2D2E-13EE-4DD0-A960-D7BFD11A8F77}.Debug|Any CPU.Build.0 = Debug|Any CPU
		{4CEB2D2E-13EE-4DD0-A960-D7BFD11A8F77}.Debug|x64.ActiveCfg = Debug|Any CPU
		{4CEB2D2E-13EE-4DD0-A960-D7BFD11A8F77}.Debug|x64.Build.0 = Debug|Any CPU
		{4CEB2D2E-13EE-4DD0-A960-D7BFD11A8F77}.Debug|x86.ActiveCfg = Debug|Any CPU
		{4CEB2D2E-13EE-4DD0-A960-D7BFD11A8F77}.Debug|x86.Build.0 = Debug|Any CPU
		{4CEB2D2E-13EE-4DD0-A960-D7BFD11A8F77}.Release|Any CPU.ActiveCfg = Release|Any CPU
		{4CEB2D2E-13EE-4DD0-A960-D7BFD11A8F77}.Release|Any CPU.Build.0 = Release|Any CPU
		{4CEB2D2E-13EE-4DD0-A960-D7BFD11A8F77}.Release|x64.ActiveCfg = Release|Any CPU
		{4CEB2D2E-13EE-4DD0-A960-D7BFD11A8F77}.Release|x64.Build.0 = Release|Any CPU
		{4CEB2D2E-13EE-4DD0-A960-D7BFD11A8F77}.Release|x86.ActiveCfg = Release|Any CPU
		{4CEB2D2E-13EE-4DD0-A960-D7BFD11A8F77}.Release|x86.Build.0 = Release|Any CPU
		{08E777CD-F8E3-4638-8CCA-06875A4EC84B}.Debug|Any CPU.ActiveCfg = Debug|Any CPU
		{08E777CD-F8E3-4638-8CCA-06875A4EC84B}.Debug|Any CPU.Build.0 = Debug|Any CPU
		{08E777CD-F8E3-4638-8CCA-06875A4EC84B}.Debug|x64.ActiveCfg = Debug|Any CPU
		{08E777CD-F8E3-4638-8CCA-06875A4EC84B}.Debug|x64.Build.0 = Debug|Any CPU
		{08E777CD-F8E3-4638-8CCA-06875A4EC84B}.Debug|x86.ActiveCfg = Debug|Any CPU
		{08E777CD-F8E3-4638-8CCA-06875A4EC84B}.Debug|x86.Build.0 = Debug|Any CPU
		{08E777CD-F8E3-4638-8CCA-06875A4EC84B}.Release|Any CPU.ActiveCfg = Release|Any CPU
		{08E777CD-F8E3-4638-8CCA-06875A4EC84B}.Release|Any CPU.Build.0 = Release|Any CPU
		{08E777CD-F8E3-4638-8CCA-06875A4EC84B}.Release|x64.ActiveCfg = Release|Any CPU
		{08E777CD-F8E3-4638-8CCA-06875A4EC84B}.Release|x64.Build.0 = Release|Any CPU
		{08E777CD-F8E3-4638-8CCA-06875A4EC84B}.Release|x86.ActiveCfg = Release|Any CPU
		{08E777CD-F8E3-4638-8CCA-06875A4EC84B}.Release|x86.Build.0 = Release|Any CPU
		{74E01662-9099-4B97-8BF2-4695035F4AF7}.Debug|Any CPU.ActiveCfg = Debug|Any CPU
		{74E01662-9099-4B97-8BF2-4695035F4AF7}.Debug|Any CPU.Build.0 = Debug|Any CPU
		{74E01662-9099-4B97-8BF2-4695035F4AF7}.Debug|x64.ActiveCfg = Debug|Any CPU
		{74E01662-9099-4B97-8BF2-4695035F4AF7}.Debug|x64.Build.0 = Debug|Any CPU
		{74E01662-9099-4B97-8BF2-4695035F4AF7}.Debug|x86.ActiveCfg = Debug|Any CPU
		{74E01662-9099-4B97-8BF2-4695035F4AF7}.Debug|x86.Build.0 = Debug|Any CPU
		{74E01662-9099-4B97-8BF2-4695035F4AF7}.Release|Any CPU.ActiveCfg = Release|Any CPU
		{74E01662-9099-4B97-8BF2-4695035F4AF7}.Release|Any CPU.Build.0 = Release|Any CPU
		{74E01662-9099-4B97-8BF2-4695035F4AF7}.Release|x64.ActiveCfg = Release|Any CPU
		{74E01662-9099-4B97-8BF2-4695035F4AF7}.Release|x64.Build.0 = Release|Any CPU
		{74E01662-9099-4B97-8BF2-4695035F4AF7}.Release|x86.ActiveCfg = Release|Any CPU
		{74E01662-9099-4B97-8BF2-4695035F4AF7}.Release|x86.Build.0 = Release|Any CPU
		{C577CEED-F311-404D-8DF9-8B528A29BA20}.Debug|Any CPU.ActiveCfg = Debug|Any CPU
		{C577CEED-F311-404D-8DF9-8B528A29BA20}.Debug|Any CPU.Build.0 = Debug|Any CPU
		{C577CEED-F311-404D-8DF9-8B528A29BA20}.Debug|x64.ActiveCfg = Debug|Any CPU
		{C577CEED-F311-404D-8DF9-8B528A29BA20}.Debug|x64.Build.0 = Debug|Any CPU
		{C577CEED-F311-404D-8DF9-8B528A29BA20}.Debug|x86.ActiveCfg = Debug|Any CPU
		{C577CEED-F311-404D-8DF9-8B528A29BA20}.Debug|x86.Build.0 = Debug|Any CPU
		{C577CEED-F311-404D-8DF9-8B528A29BA20}.Release|Any CPU.ActiveCfg = Release|Any CPU
		{C577CEED-F311-404D-8DF9-8B528A29BA20}.Release|Any CPU.Build.0 = Release|Any CPU
		{C577CEED-F311-404D-8DF9-8B528A29BA20}.Release|x64.ActiveCfg = Release|Any CPU
		{C577CEED-F311-404D-8DF9-8B528A29BA20}.Release|x64.Build.0 = Release|Any CPU
		{C577CEED-F311-404D-8DF9-8B528A29BA20}.Release|x86.ActiveCfg = Release|Any CPU
		{C577CEED-F311-404D-8DF9-8B528A29BA20}.Release|x86.Build.0 = Release|Any CPU
		{C99F578E-3323-4E7B-967C-75DCD7DD7307}.Debug|Any CPU.ActiveCfg = Debug|Any CPU
		{C99F578E-3323-4E7B-967C-75DCD7DD7307}.Debug|Any CPU.Build.0 = Debug|Any CPU
		{C99F578E-3323-4E7B-967C-75DCD7DD7307}.Debug|x64.ActiveCfg = Debug|Any CPU
		{C99F578E-3323-4E7B-967C-75DCD7DD7307}.Debug|x64.Build.0 = Debug|Any CPU
		{C99F578E-3323-4E7B-967C-75DCD7DD7307}.Debug|x86.ActiveCfg = Debug|Any CPU
		{C99F578E-3323-4E7B-967C-75DCD7DD7307}.Debug|x86.Build.0 = Debug|Any CPU
		{C99F578E-3323-4E7B-967C-75DCD7DD7307}.Release|Any CPU.ActiveCfg = Release|Any CPU
		{C99F578E-3323-4E7B-967C-75DCD7DD7307}.Release|Any CPU.Build.0 = Release|Any CPU
		{C99F578E-3323-4E7B-967C-75DCD7DD7307}.Release|x64.ActiveCfg = Release|Any CPU
		{C99F578E-3323-4E7B-967C-75DCD7DD7307}.Release|x64.Build.0 = Release|Any CPU
		{C99F578E-3323-4E7B-967C-75DCD7DD7307}.Release|x86.ActiveCfg = Release|Any CPU
		{C99F578E-3323-4E7B-967C-75DCD7DD7307}.Release|x86.Build.0 = Release|Any CPU
		{0014482B-DB75-4E3B-A400-105F1823395C}.Debug|Any CPU.ActiveCfg = Debug|Any CPU
		{0014482B-DB75-4E3B-A400-105F1823395C}.Debug|Any CPU.Build.0 = Debug|Any CPU
		{0014482B-DB75-4E3B-A400-105F1823395C}.Debug|x64.ActiveCfg = Debug|Any CPU
		{0014482B-DB75-4E3B-A400-105F1823395C}.Debug|x64.Build.0 = Debug|Any CPU
		{0014482B-DB75-4E3B-A400-105F1823395C}.Debug|x86.ActiveCfg = Debug|Any CPU
		{0014482B-DB75-4E3B-A400-105F1823395C}.Debug|x86.Build.0 = Debug|Any CPU
		{0014482B-DB75-4E3B-A400-105F1823395C}.Release|Any CPU.ActiveCfg = Release|Any CPU
		{0014482B-DB75-4E3B-A400-105F1823395C}.Release|Any CPU.Build.0 = Release|Any CPU
		{0014482B-DB75-4E3B-A400-105F1823395C}.Release|x64.ActiveCfg = Release|Any CPU
		{0014482B-DB75-4E3B-A400-105F1823395C}.Release|x64.Build.0 = Release|Any CPU
		{0014482B-DB75-4E3B-A400-105F1823395C}.Release|x86.ActiveCfg = Release|Any CPU
		{0014482B-DB75-4E3B-A400-105F1823395C}.Release|x86.Build.0 = Release|Any CPU
		{BDA7639C-FF0C-4648-BD4A-C4655D00F351}.Debug|Any CPU.ActiveCfg = Debug|Any CPU
		{BDA7639C-FF0C-4648-BD4A-C4655D00F351}.Debug|Any CPU.Build.0 = Debug|Any CPU
		{BDA7639C-FF0C-4648-BD4A-C4655D00F351}.Debug|x64.ActiveCfg = Debug|Any CPU
		{BDA7639C-FF0C-4648-BD4A-C4655D00F351}.Debug|x64.Build.0 = Debug|Any CPU
		{BDA7639C-FF0C-4648-BD4A-C4655D00F351}.Debug|x86.ActiveCfg = Debug|Any CPU
		{BDA7639C-FF0C-4648-BD4A-C4655D00F351}.Debug|x86.Build.0 = Debug|Any CPU
		{BDA7639C-FF0C-4648-BD4A-C4655D00F351}.Release|Any CPU.ActiveCfg = Release|Any CPU
		{BDA7639C-FF0C-4648-BD4A-C4655D00F351}.Release|Any CPU.Build.0 = Release|Any CPU
		{BDA7639C-FF0C-4648-BD4A-C4655D00F351}.Release|x64.ActiveCfg = Release|Any CPU
		{BDA7639C-FF0C-4648-BD4A-C4655D00F351}.Release|x64.Build.0 = Release|Any CPU
		{BDA7639C-FF0C-4648-BD4A-C4655D00F351}.Release|x86.ActiveCfg = Release|Any CPU
		{BDA7639C-FF0C-4648-BD4A-C4655D00F351}.Release|x86.Build.0 = Release|Any CPU
		{7A2917F4-9CEA-4056-BDCC-CF57FBF320D2}.Debug|Any CPU.ActiveCfg = Debug|Any CPU
		{7A2917F4-9CEA-4056-BDCC-CF57FBF320D2}.Debug|Any CPU.Build.0 = Debug|Any CPU
		{7A2917F4-9CEA-4056-BDCC-CF57FBF320D2}.Debug|x64.ActiveCfg = Debug|Any CPU
		{7A2917F4-9CEA-4056-BDCC-CF57FBF320D2}.Debug|x64.Build.0 = Debug|Any CPU
		{7A2917F4-9CEA-4056-BDCC-CF57FBF320D2}.Debug|x86.ActiveCfg = Debug|Any CPU
		{7A2917F4-9CEA-4056-BDCC-CF57FBF320D2}.Debug|x86.Build.0 = Debug|Any CPU
		{7A2917F4-9CEA-4056-BDCC-CF57FBF320D2}.Release|Any CPU.ActiveCfg = Release|Any CPU
		{7A2917F4-9CEA-4056-BDCC-CF57FBF320D2}.Release|Any CPU.Build.0 = Release|Any CPU
		{7A2917F4-9CEA-4056-BDCC-CF57FBF320D2}.Release|x64.ActiveCfg = Release|Any CPU
		{7A2917F4-9CEA-4056-BDCC-CF57FBF320D2}.Release|x64.Build.0 = Release|Any CPU
		{7A2917F4-9CEA-4056-BDCC-CF57FBF320D2}.Release|x86.ActiveCfg = Release|Any CPU
		{7A2917F4-9CEA-4056-BDCC-CF57FBF320D2}.Release|x86.Build.0 = Release|Any CPU
		{1C078B52-AECA-4437-A543-1F55C8515E0A}.Debug|Any CPU.ActiveCfg = Debug|Any CPU
		{1C078B52-AECA-4437-A543-1F55C8515E0A}.Debug|Any CPU.Build.0 = Debug|Any CPU
		{1C078B52-AECA-4437-A543-1F55C8515E0A}.Debug|x64.ActiveCfg = Debug|Any CPU
		{1C078B52-AECA-4437-A543-1F55C8515E0A}.Debug|x64.Build.0 = Debug|Any CPU
		{1C078B52-AECA-4437-A543-1F55C8515E0A}.Debug|x86.ActiveCfg = Debug|Any CPU
		{1C078B52-AECA-4437-A543-1F55C8515E0A}.Debug|x86.Build.0 = Debug|Any CPU
		{1C078B52-AECA-4437-A543-1F55C8515E0A}.Release|Any CPU.ActiveCfg = Release|Any CPU
		{1C078B52-AECA-4437-A543-1F55C8515E0A}.Release|Any CPU.Build.0 = Release|Any CPU
		{1C078B52-AECA-4437-A543-1F55C8515E0A}.Release|x64.ActiveCfg = Release|Any CPU
		{1C078B52-AECA-4437-A543-1F55C8515E0A}.Release|x64.Build.0 = Release|Any CPU
		{1C078B52-AECA-4437-A543-1F55C8515E0A}.Release|x86.ActiveCfg = Release|Any CPU
		{1C078B52-AECA-4437-A543-1F55C8515E0A}.Release|x86.Build.0 = Release|Any CPU
		{EF603015-E974-4B72-906E-52191AF18BA9}.Debug|Any CPU.ActiveCfg = Debug|Any CPU
		{EF603015-E974-4B72-906E-52191AF18BA9}.Debug|Any CPU.Build.0 = Debug|Any CPU
		{EF603015-E974-4B72-906E-52191AF18BA9}.Debug|x64.ActiveCfg = Debug|Any CPU
		{EF603015-E974-4B72-906E-52191AF18BA9}.Debug|x64.Build.0 = Debug|Any CPU
		{EF603015-E974-4B72-906E-52191AF18BA9}.Debug|x86.ActiveCfg = Debug|Any CPU
		{EF603015-E974-4B72-906E-52191AF18BA9}.Debug|x86.Build.0 = Debug|Any CPU
		{EF603015-E974-4B72-906E-52191AF18BA9}.Release|Any CPU.ActiveCfg = Release|Any CPU
		{EF603015-E974-4B72-906E-52191AF18BA9}.Release|Any CPU.Build.0 = Release|Any CPU
		{EF603015-E974-4B72-906E-52191AF18BA9}.Release|x64.ActiveCfg = Release|Any CPU
		{EF603015-E974-4B72-906E-52191AF18BA9}.Release|x64.Build.0 = Release|Any CPU
		{EF603015-E974-4B72-906E-52191AF18BA9}.Release|x86.ActiveCfg = Release|Any CPU
		{EF603015-E974-4B72-906E-52191AF18BA9}.Release|x86.Build.0 = Release|Any CPU
		{B7486B12-A390-4CE0-BB17-8EB4F790C137}.Debug|Any CPU.ActiveCfg = Debug|Any CPU
		{B7486B12-A390-4CE0-BB17-8EB4F790C137}.Debug|Any CPU.Build.0 = Debug|Any CPU
		{B7486B12-A390-4CE0-BB17-8EB4F790C137}.Debug|x64.ActiveCfg = Debug|Any CPU
		{B7486B12-A390-4CE0-BB17-8EB4F790C137}.Debug|x64.Build.0 = Debug|Any CPU
		{B7486B12-A390-4CE0-BB17-8EB4F790C137}.Debug|x86.ActiveCfg = Debug|Any CPU
		{B7486B12-A390-4CE0-BB17-8EB4F790C137}.Debug|x86.Build.0 = Debug|Any CPU
		{B7486B12-A390-4CE0-BB17-8EB4F790C137}.Release|Any CPU.ActiveCfg = Release|Any CPU
		{B7486B12-A390-4CE0-BB17-8EB4F790C137}.Release|Any CPU.Build.0 = Release|Any CPU
		{B7486B12-A390-4CE0-BB17-8EB4F790C137}.Release|x64.ActiveCfg = Release|Any CPU
		{B7486B12-A390-4CE0-BB17-8EB4F790C137}.Release|x64.Build.0 = Release|Any CPU
		{B7486B12-A390-4CE0-BB17-8EB4F790C137}.Release|x86.ActiveCfg = Release|Any CPU
		{B7486B12-A390-4CE0-BB17-8EB4F790C137}.Release|x86.Build.0 = Release|Any CPU
		{ADA33664-F6BA-4736-A0C8-4B1D180A8868}.Debug|Any CPU.ActiveCfg = Debug|Any CPU
		{ADA33664-F6BA-4736-A0C8-4B1D180A8868}.Debug|Any CPU.Build.0 = Debug|Any CPU
		{ADA33664-F6BA-4736-A0C8-4B1D180A8868}.Debug|x64.ActiveCfg = Debug|Any CPU
		{ADA33664-F6BA-4736-A0C8-4B1D180A8868}.Debug|x64.Build.0 = Debug|Any CPU
		{ADA33664-F6BA-4736-A0C8-4B1D180A8868}.Debug|x86.ActiveCfg = Debug|Any CPU
		{ADA33664-F6BA-4736-A0C8-4B1D180A8868}.Debug|x86.Build.0 = Debug|Any CPU
		{ADA33664-F6BA-4736-A0C8-4B1D180A8868}.Release|Any CPU.ActiveCfg = Release|Any CPU
		{ADA33664-F6BA-4736-A0C8-4B1D180A8868}.Release|Any CPU.Build.0 = Release|Any CPU
		{ADA33664-F6BA-4736-A0C8-4B1D180A8868}.Release|x64.ActiveCfg = Release|Any CPU
		{ADA33664-F6BA-4736-A0C8-4B1D180A8868}.Release|x64.Build.0 = Release|Any CPU
		{ADA33664-F6BA-4736-A0C8-4B1D180A8868}.Release|x86.ActiveCfg = Release|Any CPU
		{ADA33664-F6BA-4736-A0C8-4B1D180A8868}.Release|x86.Build.0 = Release|Any CPU
		{CE160D26-D29B-4286-967A-87907DAC6F67}.Debug|Any CPU.ActiveCfg = Debug|Any CPU
		{CE160D26-D29B-4286-967A-87907DAC6F67}.Debug|Any CPU.Build.0 = Debug|Any CPU
		{CE160D26-D29B-4286-967A-87907DAC6F67}.Debug|x64.ActiveCfg = Debug|Any CPU
		{CE160D26-D29B-4286-967A-87907DAC6F67}.Debug|x64.Build.0 = Debug|Any CPU
		{CE160D26-D29B-4286-967A-87907DAC6F67}.Debug|x86.ActiveCfg = Debug|Any CPU
		{CE160D26-D29B-4286-967A-87907DAC6F67}.Debug|x86.Build.0 = Debug|Any CPU
		{CE160D26-D29B-4286-967A-87907DAC6F67}.Release|Any CPU.ActiveCfg = Release|Any CPU
		{CE160D26-D29B-4286-967A-87907DAC6F67}.Release|Any CPU.Build.0 = Release|Any CPU
		{CE160D26-D29B-4286-967A-87907DAC6F67}.Release|x64.ActiveCfg = Release|Any CPU
		{CE160D26-D29B-4286-967A-87907DAC6F67}.Release|x64.Build.0 = Release|Any CPU
		{CE160D26-D29B-4286-967A-87907DAC6F67}.Release|x86.ActiveCfg = Release|Any CPU
		{CE160D26-D29B-4286-967A-87907DAC6F67}.Release|x86.Build.0 = Release|Any CPU
	EndGlobalSection
	GlobalSection(SolutionProperties) = preSolution
		HideSolutionNode = FALSE
	EndGlobalSection
	GlobalSection(NestedProjects) = preSolution
		{4CEB2D2E-13EE-4DD0-A960-D7BFD11A8F77} = {BC0E2F9D-3132-4A61-8D6E-CF6FCD0C6424}
		{08E777CD-F8E3-4638-8CCA-06875A4EC84B} = {BC0E2F9D-3132-4A61-8D6E-CF6FCD0C6424}
		{74E01662-9099-4B97-8BF2-4695035F4AF7} = {BC0E2F9D-3132-4A61-8D6E-CF6FCD0C6424}
		{C577CEED-F311-404D-8DF9-8B528A29BA20} = {BC0E2F9D-3132-4A61-8D6E-CF6FCD0C6424}
		{C99F578E-3323-4E7B-967C-75DCD7DD7307} = {BC0E2F9D-3132-4A61-8D6E-CF6FCD0C6424}
		{0014482B-DB75-4E3B-A400-105F1823395C} = {BC0E2F9D-3132-4A61-8D6E-CF6FCD0C6424}
		{BDA7639C-FF0C-4648-BD4A-C4655D00F351} = {BC0E2F9D-3132-4A61-8D6E-CF6FCD0C6424}
		{7A2917F4-9CEA-4056-BDCC-CF57FBF320D2} = {BC0E2F9D-3132-4A61-8D6E-CF6FCD0C6424}
		{1C078B52-AECA-4437-A543-1F55C8515E0A} = {B10E5911-4300-4B7D-B72B-36E5FE7244F1}
		{EF603015-E974-4B72-906E-52191AF18BA9} = {BC0E2F9D-3132-4A61-8D6E-CF6FCD0C6424}
		{B7486B12-A390-4CE0-BB17-8EB4F790C137} = {B10E5911-4300-4B7D-B72B-36E5FE7244F1}
		{ADA33664-F6BA-4736-A0C8-4B1D180A8868} = {BC0E2F9D-3132-4A61-8D6E-CF6FCD0C6424}
		{CE160D26-D29B-4286-967A-87907DAC6F67} = {BC0E2F9D-3132-4A61-8D6E-CF6FCD0C6424}
		{B10E5911-4300-4B7D-B72B-36E5FE7244F1} = {FF376E33-8C6B-423B-BCFF-F254C8E010BC}
		{BC0E2F9D-3132-4A61-8D6E-CF6FCD0C6424} = {FF376E33-8C6B-423B-BCFF-F254C8E010BC}
	EndGlobalSection
EndGlobal
